{
  "name": "web422a1",
  "version": "1.0.0",
  "lockfileVersion": 1,
  "requires": true,
  "dependencies": {
    "bootstrap": {
      "version": "3.3.7",
      "resolved": "https://registry.npmjs.org/bootstrap/-/bootstrap-3.3.7.tgz",
      "integrity": "sha1-WjiTlFSfIzMIdaOxUGVldPip63E="
    },
    "moment": {
      "version": "2.20.1",
      "resolved": "https://registry.npmjs.org/moment/-/moment-2.20.1.tgz",
      "integrity": "sha512-Yh9y73JRljxW5QxN08Fner68eFLxM5ynNOAw2LbIB1YAGeQzZT8QFSUvkAz609Zf+IHhhaUxqZK8dG3W/+HEvg=="
    },
    "promise-polyfill": {
      "version": "7.1.0",
      "resolved": "https://registry.npmjs.org/promise-polyfill/-/promise-polyfill-7.1.0.tgz",
      "integrity": "sha512-P6NJ2wU/8fac44ENORsuqT8TiolKGB2u0fEClPtXezn7w5cmLIjM/7mhPlTebke2EPr6tmqZbXvnX0TxwykGrg=="
    }
  }
}
